
Microsoft Visual Studio Solution File, Format Version 12.00
# Visual Studio 15
VisualStudioVersion = 15.0.27428.2015
MinimumVisualStudioVersion = 10.0.40219.1
Project("{FAE04EC0-301F-11D3-BF4B-00C04F79EFBC}") = "GUI", "GUI\GUI.csproj", "{9352164A-501D-4810-8D81-EE18510D0862}"
EndProject
Project("{FAE04EC0-301F-11D3-BF4B-00C04F79EFBC}") = "MessengerUI", "..\..\..\C#\MessengerUI\MessengerUI\MessengerUI.csproj", "{22354241-A044-4AF2-AB6A-C19463AC5A4B}"
EndProject
Project("{FAE04EC0-301F-11D3-BF4B-00C04F79EFBC}") = "Pizzaria1", "..\..\Pizzaria1\Pizzaria1\Pizzaria1.csproj", "{F2571E19-BB3A-46FA-B1A1-15ECD9392887}"
EndProject
Global
	GlobalSection(SolutionConfigurationPlatforms) = preSolution
		Debug|Any CPU = Debug|Any CPU
		Release|Any CPU = Release|Any CPU
	EndGlobalSection
	GlobalSection(ProjectConfigurationPlatforms) = postSolution
		{9352164A-501D-4810-8D81-EE18510D0862}.Debug|Any CPU.ActiveCfg = Debug|Any CPU
		{9352164A-501D-4810-8D81-EE18510D0862}.Debug|Any CPU.Build.0 = Debug|Any CPU
		{9352164A-501D-4810-8D81-EE18510D0862}.Release|Any CPU.ActiveCfg = Release|Any CPU
		{9352164A-501D-4810-8D81-EE18510D0862}.Release|Any CPU.Build.0 = Release|Any CPU
		{22354241-A044-4AF2-AB6A-C19463AC5A4B}.Debug|Any CPU.ActiveCfg = Debug|Any CPU
		{22354241-A044-4AF2-AB6A-C19463AC5A4B}.Debug|Any CPU.Build.0 = Debug|Any CPU
		{22354241-A044-4AF2-AB6A-C19463AC5A4B}.Release|Any CPU.ActiveCfg = Release|Any CPU
		{22354241-A044-4AF2-AB6A-C19463AC5A4B}.Release|Any CPU.Build.0 = Release|Any CPU
		{F2571E19-BB3A-46FA-B1A1-15ECD9392887}.Debug|Any CPU.ActiveCfg = Debug|Any CPU
		{F2571E19-BB3A-46FA-B1A1-15ECD9392887}.Debug|Any CPU.Build.0 = Debug|Any CPU
		{F2571E19-BB3A-46FA-B1A1-15ECD9392887}.Release|Any CPU.ActiveCfg = Release|Any CPU
		{F2571E19-BB3A-46FA-B1A1-15ECD9392887}.Release|Any CPU.Build.0 = Release|Any CPU
	EndGlobalSection
	GlobalSection(SolutionProperties) = preSolution
		HideSolutionNode = FALSE
	EndGlobalSection
	GlobalSection(ExtensibilityGlobals) = postSolution
		SolutionGuid = {D9C8B2A8-928A-4371-9B8E-D4512EC8821A}
	EndGlobalSection
EndGlobal
